// !$*UTF8*$!
{
	archiveVersion = 1;
	classes = {
	};
	objectVersion = 77;
	objects = {

/* Begin PBXBuildFile section */
		A9D5A8043190250A8BAA1A1A /* Pods_QuickNextBox.framework in Frameworks */ = {isa = PBXBuildFile; fileRef = BCAC4DB4E73FA258AD05AF65 /* Pods_QuickNextBox.framework */; };
		C3027E4C2EBF9B890049FEBC /* MD5Tool.m in Sources */ = {isa = PBXBuildFile; fileRef = C3027E4B2EBF9B890049FEBC /* MD5Tool.m */; };
		C30EB8532EC0937B0028805C /* GCAlertManager.m in Sources */ = {isa = PBXBuildFile; fileRef = C30EB8522EC0937B0028805C /* GCAlertManager.m */; };
		C30EB86E2EC098710028805C /* demo_config.json in Resources */ = {isa = PBXBuildFile; fileRef = C30EB8662EC098710028805C /* demo_config.json */; };
		C30EB86F2EC098710028805C /* ToolbarDemoVC.m in Sources */ = {isa = PBXBuildFile; fileRef = C30EB86A2EC098710028805C /* ToolbarDemoVC.m */; };
		C30EB8702EC098710028805C /* AccelerometerVC.m in Sources */ = {isa = PBXBuildFile; fileRef = C30EB8652EC098710028805C /* AccelerometerVC.m */; };
		C30EB8712EC098710028805C /* MBHudDemoVC.m in Sources */ = {isa = PBXBuildFile; fileRef = C30EB8682EC098710028805C /* MBHudDemoVC.m */; };
		C30EB8752EC0988B0028805C /* DemoItem.m in Sources */ = {isa = PBXBuildFile; fileRef = C30EB8742EC0988B0028805C /* DemoItem.m */; };
		C30EB87D2EC0BC0B0028805C /* Localizable.strings in Resources */ = {isa = PBXBuildFile; fileRef = C30EB87B2EC0BC0B0028805C /* Localizable.strings */; };
		C353C0CB2EBF3DF2009DF25C /* Assets.xcassets in Resources */ = {isa = PBXBuildFile; fileRef = C353C0C12EBF3DF2009DF25C /* Assets.xcassets */; };
		C353C0D12EBF3DF2009DF25C /* DiscoverVC.m in Sources */ = {isa = PBXBuildFile; fileRef = C353C0A72EBF3DF2009DF25C /* DiscoverVC.m */; };
		C353C0D22EBF3DF2009DF25C /* HomeVC.m in Sources */ = {isa = PBXBuildFile; fileRef = C353C0A92EBF3DF2009DF25C /* HomeVC.m */; };
		C353C0D32EBF3DF2009DF25C /* MainTabBarController.m in Sources */ = {isa = PBXBuildFile; fileRef = C353C0AB2EBF3DF2009DF25C /* MainTabBarController.m */; };
		C353C0D42EBF3DF2009DF25C /* ProfileVC.m in Sources */ = {isa = PBXBuildFile; fileRef = C353C0AD2EBF3DF2009DF25C /* ProfileVC.m */; };
		C353C0D52EBF3DF2009DF25C /* TabBarItemConfig.m in Sources */ = {isa = PBXBuildFile; fileRef = C353C0AF2EBF3DF2009DF25C /* TabBarItemConfig.m */; };
		C353C0D62EBF3DF2009DF25C /* MBProgressHUD.m in Sources */ = {isa = PBXBuildFile; fileRef = C353C0B32EBF3DF2009DF25C /* MBProgressHUD.m */; };
		C353C0D72EBF3DF2009DF25C /* TSUserDefaults.m in Sources */ = {isa = PBXBuildFile; fileRef = C353C0B62EBF3DF2009DF25C /* TSUserDefaults.m */; };
		C353C0D82EBF3DF2009DF25C /* LanguageManager.m in Sources */ = {isa = PBXBuildFile; fileRef = C353C0BA2EBF3DF2009DF25C /* LanguageManager.m */; };
		C353C0D92EBF3DF2009DF25C /* NSString+Localized.m in Sources */ = {isa = PBXBuildFile; fileRef = C353C0BD2EBF3DF2009DF25C /* NSString+Localized.m */; };
		C353C0DA2EBF3DF2009DF25C /* AppDelegate.m in Sources */ = {isa = PBXBuildFile; fileRef = C353C0C02EBF3DF2009DF25C /* AppDelegate.m */; };
		C353C0DB2EBF3DF2009DF25C /* main.m in Sources */ = {isa = PBXBuildFile; fileRef = C353C0C82EBF3DF2009DF25C /* main.m */; };
		C3A426442EBF4485006E1200 /* 草稿纸 in Sources */ = {isa = PBXBuildFile; fileRef = C3A426432EBF4485006E1200 /* 草稿纸 */; };
		C3A426472EBF5F19006E1200 /* MotionManager.m in Sources */ = {isa = PBXBuildFile; fileRef = C3A426462EBF5F0D006E1200 /* MotionManager.m */; };
		C3EC82502EC220E50098F454 /* TakePhoteController.m in Sources */ = {isa = PBXBuildFile; fileRef = C3EC824F2EC220E50098F454 /* TakePhoteController.m */; };
/* End PBXBuildFile section */

/* Begin PBXFileReference section */
		3142F4723A8A0AC3467C0D90 /* Pods-QuickNextBox.debug.xcconfig */ = {isa = PBXFileReference; includeInIndex = 1; lastKnownFileType = text.xcconfig; name = "Pods-QuickNextBox.debug.xcconfig"; path = "Target Support Files/Pods-QuickNextBox/Pods-QuickNextBox.debug.xcconfig"; sourceTree = "<group>"; };
		BCAC4DB4E73FA258AD05AF65 /* Pods_QuickNextBox.framework */ = {isa = PBXFileReference; explicitFileType = wrapper.framework; includeInIndex = 0; path = Pods_QuickNextBox.framework; sourceTree = BUILT_PRODUCTS_DIR; };
		C3027E492EBF9B5E0049FEBC /* ToolbarDemoVCViewController.h */ = {isa = PBXFileReference; lastKnownFileType = sourcecode.c.h; path = ToolbarDemoVCViewController.h; sourceTree = "<group>"; };
		C3027E4A2EBF9B890049FEBC /* MD5Tool.h */ = {isa = PBXFileReference; lastKnownFileType = sourcecode.c.h; path = MD5Tool.h; sourceTree = "<group>"; };
		C3027E4B2EBF9B890049FEBC /* MD5Tool.m */ = {isa = PBXFileReference; lastKnownFileType = sourcecode.c.objc; path = MD5Tool.m; sourceTree = "<group>"; };
		C30EB8512EC0937B0028805C /* GCAlertManager.h */ = {isa = PBXFileReference; lastKnownFileType = sourcecode.c.h; path = GCAlertManager.h; sourceTree = "<group>"; };
		C30EB8522EC0937B0028805C /* GCAlertManager.m */ = {isa = PBXFileReference; lastKnownFileType = sourcecode.c.objc; path = GCAlertManager.m; sourceTree = "<group>"; };
		C30EB8642EC098710028805C /* AccelerometerVC.h */ = {isa = PBXFileReference; lastKnownFileType = sourcecode.c.h; path = AccelerometerVC.h; sourceTree = "<group>"; };
		C30EB8652EC098710028805C /* AccelerometerVC.m */ = {isa = PBXFileReference; lastKnownFileType = sourcecode.c.objc; path = AccelerometerVC.m; sourceTree = "<group>"; };
		C30EB8662EC098710028805C /* demo_config.json */ = {isa = PBXFileReference; lastKnownFileType = text.json; path = demo_config.json; sourceTree = "<group>"; };
		C30EB8672EC098710028805C /* MBHudDemoVC.h */ = {isa = PBXFileReference; lastKnownFileType = sourcecode.c.h; path = MBHudDemoVC.h; sourceTree = "<group>"; };
		C30EB8682EC098710028805C /* MBHudDemoVC.m */ = {isa = PBXFileReference; lastKnownFileType = sourcecode.c.objc; path = MBHudDemoVC.m; sourceTree = "<group>"; };
		C30EB8692EC098710028805C /* ToolbarDemoVC.h */ = {isa = PBXFileReference; lastKnownFileType = sourcecode.c.h; path = ToolbarDemoVC.h; sourceTree = "<group>"; };
		C30EB86A2EC098710028805C /* ToolbarDemoVC.m */ = {isa = PBXFileReference; lastKnownFileType = sourcecode.c.objc; path = ToolbarDemoVC.m; sourceTree = "<group>"; };
		C30EB8732EC098870028805C /* DemoItem.h */ = {isa = PBXFileReference; lastKnownFileType = sourcecode.c.h; path = DemoItem.h; sourceTree = "<group>"; };
		C30EB8742EC0988B0028805C /* DemoItem.m */ = {isa = PBXFileReference; lastKnownFileType = sourcecode.c.objc; path = DemoItem.m; sourceTree = "<group>"; };
		C30EB87C2EC0BC0B0028805C /* en */ = {isa = PBXFileReference; lastKnownFileType = text.plist.strings; name = en; path = en.lproj/Localizable.strings; sourceTree = "<group>"; };
		C30EB87E2EC0BC5B0028805C /* zh-Hans */ = {isa = PBXFileReference; lastKnownFileType = text.plist.strings; name = "zh-Hans"; path = "zh-Hans.lproj/Localizable.strings"; sourceTree = "<group>"; };
		C353BD8A2EBCFD53009DF25C /* QuickNextBox.app */ = {isa = PBXFileReference; explicitFileType = wrapper.application; includeInIndex = 0; path = QuickNextBox.app; sourceTree = BUILT_PRODUCTS_DIR; };
		C353C0A62EBF3DF2009DF25C /* DiscoverVC.h */ = {isa = PBXFileReference; lastKnownFileType = sourcecode.c.h; path = DiscoverVC.h; sourceTree = "<group>"; };
		C353C0A72EBF3DF2009DF25C /* DiscoverVC.m */ = {isa = PBXFileReference; lastKnownFileType = sourcecode.c.objc; path = DiscoverVC.m; sourceTree = "<group>"; };
		C353C0A82EBF3DF2009DF25C /* HomeVC.h */ = {isa = PBXFileReference; lastKnownFileType = sourcecode.c.h; path = HomeVC.h; sourceTree = "<group>"; };
		C353C0A92EBF3DF2009DF25C /* HomeVC.m */ = {isa = PBXFileReference; lastKnownFileType = sourcecode.c.objc; path = HomeVC.m; sourceTree = "<group>"; };
		C353C0AA2EBF3DF2009DF25C /* MainTabBarController.h */ = {isa = PBXFileReference; lastKnownFileType = sourcecode.c.h; path = MainTabBarController.h; sourceTree = "<group>"; };
		C353C0AB2EBF3DF2009DF25C /* MainTabBarController.m */ = {isa = PBXFileReference; lastKnownFileType = sourcecode.c.objc; path = MainTabBarController.m; sourceTree = "<group>"; };
		C353C0AC2EBF3DF2009DF25C /* ProfileVC.h */ = {isa = PBXFileReference; lastKnownFileType = sourcecode.c.h; path = ProfileVC.h; sourceTree = "<group>"; };
		C353C0AD2EBF3DF2009DF25C /* ProfileVC.m */ = {isa = PBXFileReference; lastKnownFileType = sourcecode.c.objc; path = ProfileVC.m; sourceTree = "<group>"; };
		C353C0AE2EBF3DF2009DF25C /* TabBarItemConfig.h */ = {isa = PBXFileReference; lastKnownFileType = sourcecode.c.h; path = TabBarItemConfig.h; sourceTree = "<group>"; };
		C353C0AF2EBF3DF2009DF25C /* TabBarItemConfig.m */ = {isa = PBXFileReference; lastKnownFileType = sourcecode.c.objc; path = TabBarItemConfig.m; sourceTree = "<group>"; };
		C353C0B22EBF3DF2009DF25C /* MBProgressHUD.h */ = {isa = PBXFileReference; lastKnownFileType = sourcecode.c.h; path = MBProgressHUD.h; sourceTree = "<group>"; };
		C353C0B32EBF3DF2009DF25C /* MBProgressHUD.m */ = {isa = PBXFileReference; lastKnownFileType = sourcecode.c.objc; path = MBProgressHUD.m; sourceTree = "<group>"; };
		C353C0B52EBF3DF2009DF25C /* TSUserDefaults.h */ = {isa = PBXFileReference; lastKnownFileType = sourcecode.c.h; path = TSUserDefaults.h; sourceTree = "<group>"; };
		C353C0B62EBF3DF2009DF25C /* TSUserDefaults.m */ = {isa = PBXFileReference; lastKnownFileType = sourcecode.c.objc; path = TSUserDefaults.m; sourceTree = "<group>"; };
		C353C0B72EBF3DF2009DF25C /* TSUserDefaults__Key.h */ = {isa = PBXFileReference; lastKnownFileType = sourcecode.c.h; path = TSUserDefaults__Key.h; sourceTree = "<group>"; };
		C353C0B92EBF3DF2009DF25C /* LanguageManager.h */ = {isa = PBXFileReference; lastKnownFileType = sourcecode.c.h; path = LanguageManager.h; sourceTree = "<group>"; };
		C353C0BA2EBF3DF2009DF25C /* LanguageManager.m */ = {isa = PBXFileReference; lastKnownFileType = sourcecode.c.objc; path = LanguageManager.m; sourceTree = "<group>"; };
		C353C0BC2EBF3DF2009DF25C /* NSString+Localized.h */ = {isa = PBXFileReference; lastKnownFileType = sourcecode.c.h; path = "NSString+Localized.h"; sourceTree = "<group>"; };
		C353C0BD2EBF3DF2009DF25C /* NSString+Localized.m */ = {isa = PBXFileReference; lastKnownFileType = sourcecode.c.objc; path = "NSString+Localized.m"; sourceTree = "<group>"; };
		C353C0BF2EBF3DF2009DF25C /* AppDelegate.h */ = {isa = PBXFileReference; lastKnownFileType = sourcecode.c.h; path = AppDelegate.h; sourceTree = "<group>"; };
		C353C0C02EBF3DF2009DF25C /* AppDelegate.m */ = {isa = PBXFileReference; lastKnownFileType = sourcecode.c.objc; path = AppDelegate.m; sourceTree = "<group>"; };
		C353C0C12EBF3DF2009DF25C /* Assets.xcassets */ = {isa = PBXFileReference; lastKnownFileType = folder.assetcatalog; path = Assets.xcassets; sourceTree = "<group>"; };
		C353C0C22EBF3DF2009DF25C /* Info.plist */ = {isa = PBXFileReference; lastKnownFileType = text.plist.xml; path = Info.plist; sourceTree = "<group>"; };
		C353C0C82EBF3DF2009DF25C /* main.m */ = {isa = PBXFileReference; lastKnownFileType = sourcecode.c.objc; path = main.m; sourceTree = "<group>"; };
		C353C0C92EBF3DF2009DF25C /* PrefixHeader.pch */ = {isa = PBXFileReference; lastKnownFileType = sourcecode.c.h; path = PrefixHeader.pch; sourceTree = "<group>"; };
		C3A426432EBF4485006E1200 /* 草稿纸 */ = {isa = PBXFileReference; lastKnownFileType = text; path = "草稿纸"; sourceTree = "<group>"; };
		C3A426452EBF5F02006E1200 /* MotionManager.h */ = {isa = PBXFileReference; lastKnownFileType = sourcecode.c.h; path = MotionManager.h; sourceTree = "<group>"; };
		C3A426462EBF5F0D006E1200 /* MotionManager.m */ = {isa = PBXFileReference; lastKnownFileType = sourcecode.c.objc; path = MotionManager.m; sourceTree = "<group>"; };
		C3EC824E2EC220C80098F454 /* TakePhoteController.h */ = {isa = PBXFileReference; lastKnownFileType = sourcecode.c.h; path = TakePhoteController.h; sourceTree = "<group>"; };
		C3EC824F2EC220E50098F454 /* TakePhoteController.m */ = {isa = PBXFileReference; lastKnownFileType = sourcecode.c.objc; path = TakePhoteController.m; sourceTree = "<group>"; };
		D92DCE89C5368011024D4CAE /* Pods-QuickNextBox.release.xcconfig */ = {isa = PBXFileReference; includeInIndex = 1; lastKnownFileType = text.xcconfig; name = "Pods-QuickNextBox.release.xcconfig"; path = "Target Support Files/Pods-QuickNextBox/Pods-QuickNextBox.release.xcconfig"; sourceTree = "<group>"; };
/* End PBXFileReference section */

/* Begin PBXFrameworksBuildPhase section */
		C353BD872EBCFD53009DF25C /* Frameworks */ = {
			isa = PBXFrameworksBuildPhase;
			buildActionMask = 2147483647;
			files = (
				A9D5A8043190250A8BAA1A1A /* Pods_QuickNextBox.framework in Frameworks */,
			);
			runOnlyForDeploymentPostprocessing = 0;
		};
/* End PBXFrameworksBuildPhase section */

/* Begin PBXGroup section */
		49DA3749FD0E8738BA72B1AB /* Frameworks */ = {
			isa = PBXGroup;
			children = (
				BCAC4DB4E73FA258AD05AF65 /* Pods_QuickNextBox.framework */,
			);
			name = Frameworks;
			sourceTree = "<group>";
		};
		9C8F78EBA6A686326DA53AA1 /* Pods */ = {
			isa = PBXGroup;
			children = (
				3142F4723A8A0AC3467C0D90 /* Pods-QuickNextBox.debug.xcconfig */,
				D92DCE89C5368011024D4CAE /* Pods-QuickNextBox.release.xcconfig */,
			);
			path = Pods;
			sourceTree = "<group>";
		};
		C3027E452EBF9A5A0049FEBC /* LanguageTool */ = {
			isa = PBXGroup;
			children = (
				C353C0B92EBF3DF2009DF25C /* LanguageManager.h */,
				C353C0BA2EBF3DF2009DF25C /* LanguageManager.m */,
				C353C0BC2EBF3DF2009DF25C /* NSString+Localized.h */,
				C353C0BD2EBF3DF2009DF25C /* NSString+Localized.m */,
			);
			path = LanguageTool;
			sourceTree = "<group>";
		};
		C30EB86D2EC098710028805C /* DemoPages */ = {
			isa = PBXGroup;
			children = (
				C30EB8642EC098710028805C /* AccelerometerVC.h */,
				C30EB8652EC098710028805C /* AccelerometerVC.m */,
				C30EB8672EC098710028805C /* MBHudDemoVC.h */,
				C30EB8682EC098710028805C /* MBHudDemoVC.m */,
				C30EB8692EC098710028805C /* ToolbarDemoVC.h */,
				C30EB86A2EC098710028805C /* ToolbarDemoVC.m */,
				C3EC824E2EC220C80098F454 /* TakePhoteController.h */,
				C3EC824F2EC220E50098F454 /* TakePhoteController.m */,
				C30EB8662EC098710028805C /* demo_config.json */,
				C30EB8732EC098870028805C /* DemoItem.h */,
				C30EB8742EC0988B0028805C /* DemoItem.m */,
			);
			path = DemoPages;
			sourceTree = "<group>";
		};
		C353BD812EBCFD53009DF25C = {
			isa = PBXGroup;
			children = (
				C353C0CA2EBF3DF2009DF25C /* QuickNextBox */,
				C353C0B42EBF3DF2009DF25C /* SDK */,
				C353C0BE2EBF3DF2009DF25C /* Tool */,
				C353BD8B2EBCFD53009DF25C /* Products */,
				9C8F78EBA6A686326DA53AA1 /* Pods */,
				49DA3749FD0E8738BA72B1AB /* Frameworks */,
			);
			sourceTree = "<group>";
		};
		C353BD8B2EBCFD53009DF25C /* Products */ = {
			isa = PBXGroup;
			children = (
				C353BD8A2EBCFD53009DF25C /* QuickNextBox.app */,
			);
			name = Products;
			sourceTree = "<group>";
		};
		C353C0B02EBF3DF2009DF25C /* Tabbar */ = {
			isa = PBXGroup;
			children = (
				C353C0A62EBF3DF2009DF25C /* DiscoverVC.h */,
				C353C0A72EBF3DF2009DF25C /* DiscoverVC.m */,
				C353C0A82EBF3DF2009DF25C /* HomeVC.h */,
				C353C0A92EBF3DF2009DF25C /* HomeVC.m */,
				C353C0AC2EBF3DF2009DF25C /* ProfileVC.h */,
				C353C0AD2EBF3DF2009DF25C /* ProfileVC.m */,
				C353C0AA2EBF3DF2009DF25C /* MainTabBarController.h */,
				C353C0AB2EBF3DF2009DF25C /* MainTabBarController.m */,
				C353C0AE2EBF3DF2009DF25C /* TabBarItemConfig.h */,
				C353C0AF2EBF3DF2009DF25C /* TabBarItemConfig.m */,
			);
			path = Tabbar;
			sourceTree = "<group>";
		};
		C353C0B12EBF3DF2009DF25C /* Pages */ = {
			isa = PBXGroup;
			children = (
				C30EB86D2EC098710028805C /* DemoPages */,
				C353C0B02EBF3DF2009DF25C /* Tabbar */,
			);
			path = Pages;
			sourceTree = "<group>";
		};
		C353C0B42EBF3DF2009DF25C /* SDK */ = {
			isa = PBXGroup;
			children = (
				C353C0B22EBF3DF2009DF25C /* MBProgressHUD.h */,
				C353C0B32EBF3DF2009DF25C /* MBProgressHUD.m */,
			);
			path = SDK;
			sourceTree = "<group>";
		};
		C353C0B82EBF3DF2009DF25C /* TSUserDefaults */ = {
			isa = PBXGroup;
			children = (
				C353C0B52EBF3DF2009DF25C /* TSUserDefaults.h */,
				C353C0B62EBF3DF2009DF25C /* TSUserDefaults.m */,
				C353C0B72EBF3DF2009DF25C /* TSUserDefaults__Key.h */,
			);
			path = TSUserDefaults;
			sourceTree = "<group>";
		};
		C353C0BE2EBF3DF2009DF25C /* Tool */ = {
			isa = PBXGroup;
			children = (
				C3027E492EBF9B5E0049FEBC /* ToolbarDemoVCViewController.h */,
				C3027E4A2EBF9B890049FEBC /* MD5Tool.h */,
				C3027E4B2EBF9B890049FEBC /* MD5Tool.m */,
				C3A426452EBF5F02006E1200 /* MotionManager.h */,
				C3A426462EBF5F0D006E1200 /* MotionManager.m */,
				C353C0B82EBF3DF2009DF25C /* TSUserDefaults */,
				C3027E452EBF9A5A0049FEBC /* LanguageTool */,
				C30EB8512EC0937B0028805C /* GCAlertManager.h */,
				C30EB8522EC0937B0028805C /* GCAlertManager.m */,
			);
			path = Tool;
			sourceTree = "<group>";
		};
		C353C0CA2EBF3DF2009DF25C /* QuickNextBox */ = {
			isa = PBXGroup;
			children = (
				C3A426432EBF4485006E1200 /* 草稿纸 */,
				C353C0B12EBF3DF2009DF25C /* Pages */,
				C353C0BF2EBF3DF2009DF25C /* AppDelegate.h */,
				C353C0C02EBF3DF2009DF25C /* AppDelegate.m */,
				C353C0C12EBF3DF2009DF25C /* Assets.xcassets */,
				C353C0C22EBF3DF2009DF25C /* Info.plist */,
				C353C0C82EBF3DF2009DF25C /* main.m */,
				C30EB87B2EC0BC0B0028805C /* Localizable.strings */,
				C353C0C92EBF3DF2009DF25C /* PrefixHeader.pch */,
			);
			path = QuickNextBox;
			sourceTree = "<group>";
		};
/* End PBXGroup section */

/* Begin PBXNativeTarget section */
		C353BD892EBCFD53009DF25C /* QuickNextBox */ = {
			isa = PBXNativeTarget;
			buildConfigurationList = C353BDA22EBCFD54009DF25C /* Build configuration list for PBXNativeTarget "QuickNextBox" */;
			buildPhases = (
				56427FC908A7C2E7EE8BFC73 /* [CP] Check Pods Manifest.lock */,
				C353BD862EBCFD53009DF25C /* Sources */,
				C353BD872EBCFD53009DF25C /* Frameworks */,
				C353BD882EBCFD53009DF25C /* Resources */,
				67377CAE6569BA9EBEE533A8 /* [CP] Embed Pods Frameworks */,
			);
			buildRules = (
			);
			dependencies = (
			);
			name = QuickNextBox;
			productName = QuickNextBox;
			productReference = C353BD8A2EBCFD53009DF25C /* QuickNextBox.app */;
			productType = "com.apple.product-type.application";
		};
/* End PBXNativeTarget section */

/* Begin PBXProject section */
		C353BD822EBCFD53009DF25C /* Project object */ = {
			isa = PBXProject;
			attributes = {
				BuildIndependentTargetsInParallel = 1;
				LastUpgradeCheck = 1640;
				TargetAttributes = {
					C353BD892EBCFD53009DF25C = {
						CreatedOnToolsVersion = 16.4;
					};
				};
			};
			buildConfigurationList = C353BD852EBCFD53009DF25C /* Build configuration list for PBXProject "QuickNextBox" */;
			developmentRegion = en;
			hasScannedForEncodings = 0;
			knownRegions = (
				en,
				"Base 2",
				Base,
				"zh-Hans",
			);
			mainGroup = C353BD812EBCFD53009DF25C;
			minimizedProjectReferenceProxies = 1;
			preferredProjectObjectVersion = 77;
			productRefGroup = C353BD8B2EBCFD53009DF25C /* Products */;
			projectDirPath = "";
			projectRoot = "";
			targets = (
				C353BD892EBCFD53009DF25C /* QuickNextBox */,
			);
		};
/* End PBXProject section */

/* Begin PBXResourcesBuildPhase section */
		C353BD882EBCFD53009DF25C /* Resources */ = {
			isa = PBXResourcesBuildPhase;
			buildActionMask = 2147483647;
			files = (
				C353C0CB2EBF3DF2009DF25C /* Assets.xcassets in Resources */,
				C30EB87D2EC0BC0B0028805C /* Localizable.strings in Resources */,
				C30EB86E2EC098710028805C /* demo_config.json in Resources */,
			);
			runOnlyForDeploymentPostprocessing = 0;
		};
/* End PBXResourcesBuildPhase section */

/* Begin PBXShellScriptBuildPhase section */
		56427FC908A7C2E7EE8BFC73 /* [CP] Check Pods Manifest.lock */ = {
			isa = PBXShellScriptBuildPhase;
			buildActionMask = 2147483647;
			files = (
			);
			inputFileListPaths = (
			);
			inputPaths = (
				"${PODS_PODFILE_DIR_PATH}/Podfile.lock",
				"${PODS_ROOT}/Manifest.lock",
			);
			name = "[CP] Check Pods Manifest.lock";
			outputFileListPaths = (
			);
			outputPaths = (
				"$(DERIVED_FILE_DIR)/Pods-QuickNextBox-checkManifestLockResult.txt",
			);
			runOnlyForDeploymentPostprocessing = 0;
			shellPath = /bin/sh;
			shellScript = "diff \"${PODS_PODFILE_DIR_PATH}/Podfile.lock\" \"${PODS_ROOT}/Manifest.lock\" > /dev/null\nif [ $? != 0 ] ; then\n    # print error to STDERR\n    echo \"error: The sandbox is not in sync with the Podfile.lock. Run 'pod install' or update your CocoaPods installation.\" >&2\n    exit 1\nfi\n# This output is used by Xcode 'outputs' to avoid re-running this script phase.\necho \"SUCCESS\" > \"${SCRIPT_OUTPUT_FILE_0}\"\n";
			showEnvVarsInLog = 0;
		};
		67377CAE6569BA9EBEE533A8 /* [CP] Embed Pods Frameworks */ = {
			isa = PBXShellScriptBuildPhase;
			buildActionMask = 2147483647;
			files = (
			);
			inputFileListPaths = (
				"${PODS_ROOT}/Target Support Files/Pods-QuickNextBox/Pods-QuickNextBox-frameworks-${CONFIGURATION}-input-files.xcfilelist",
			);
			inputPaths = (
			);
			name = "[CP] Embed Pods Frameworks";
			outputFileListPaths = (
				"${PODS_ROOT}/Target Support Files/Pods-QuickNextBox/Pods-QuickNextBox-frameworks-${CONFIGURATION}-output-files.xcfilelist",
			);
			outputPaths = (
			);
			runOnlyForDeploymentPostprocessing = 0;
			shellPath = /bin/sh;
			shellScript = "\"${PODS_ROOT}/Target Support Files/Pods-QuickNextBox/Pods-QuickNextBox-frameworks.sh\"\n";
			showEnvVarsInLog = 0;
		};
/* End PBXShellScriptBuildPhase section */

/* Begin PBXSourcesBuildPhase section */
		C353BD862EBCFD53009DF25C /* Sources */ = {
			isa = PBXSourcesBuildPhase;
			buildActionMask = 2147483647;
			files = (
				C30EB86F2EC098710028805C /* ToolbarDemoVC.m in Sources */,
				C30EB8752EC0988B0028805C /* DemoItem.m in Sources */,
				C30EB8702EC098710028805C /* AccelerometerVC.m in Sources */,
				C30EB8712EC098710028805C /* MBHudDemoVC.m in Sources */,
				C353C0D12EBF3DF2009DF25C /* DiscoverVC.m in Sources */,
				C3027E4C2EBF9B890049FEBC /* MD5Tool.m in Sources */,
				C353C0D22EBF3DF2009DF25C /* HomeVC.m in Sources */,
				C353C0D32EBF3DF2009DF25C /* MainTabBarController.m in Sources */,
				C3A426442EBF4485006E1200 /* 草稿纸 in Sources */,
				C353C0D42EBF3DF2009DF25C /* ProfileVC.m in Sources */,
				C353C0D52EBF3DF2009DF25C /* TabBarItemConfig.m in Sources */,
				C353C0D62EBF3DF2009DF25C /* MBProgressHUD.m in Sources */,
				C353C0D72EBF3DF2009DF25C /* TSUserDefaults.m in Sources */,
				C3A426472EBF5F19006E1200 /* MotionManager.m in Sources */,
				C3EC82502EC220E50098F454 /* TakePhoteController.m in Sources */,
				C30EB8532EC0937B0028805C /* GCAlertManager.m in Sources */,
				C353C0D82EBF3DF2009DF25C /* LanguageManager.m in Sources */,
				C353C0D92EBF3DF2009DF25C /* NSString+Localized.m in Sources */,
				C353C0DA2EBF3DF2009DF25C /* AppDelegate.m in Sources */,
				C353C0DB2EBF3DF2009DF25C /* main.m in Sources */,
			);
			runOnlyForDeploymentPostprocessing = 0;
		};
/* End PBXSourcesBuildPhase section */

/* Begin PBXVariantGroup section */
		C30EB87B2EC0BC0B0028805C /* Localizable.strings */ = {
			isa = PBXVariantGroup;
			children = (
				C30EB87C2EC0BC0B0028805C /* en */,
				C30EB87E2EC0BC5B0028805C /* zh-Hans */,
			);
			name = Localizable.strings;
			sourceTree = "<group>";
		};
/* End PBXVariantGroup section */

/* Begin XCBuildConfiguration section */
		C353BDA32EBCFD54009DF25C /* Debug */ = {
			isa = XCBuildConfiguration;
			baseConfigurationReference = 3142F4723A8A0AC3467C0D90 /* Pods-QuickNextBox.debug.xcconfig */;
			buildSettings = {
				ASSETCATALOG_COMPILER_APPICON_NAME = AppIcon;
				ASSETCATALOG_COMPILER_GLOBAL_ACCENT_COLOR_NAME = AccentColor;
				CODE_SIGN_STYLE = Automatic;
				CURRENT_PROJECT_VERSION = 202511070002;
				DEVELOPMENT_TEAM = 3SAAZZPM76;
				GCC_INCREASE_PRECOMPILED_HEADER_SHARING = NO;
				GCC_PREFIX_HEADER = "$(SRCROOT)/QuickNextBox/PrefixHeader.pch";
				GENERATE_INFOPLIST_FILE = NO;
				INFOPLIST_FILE = "$(SRCROOT)/QuickNextBox/Info.plist";
				INFOPLIST_KEY_CFBundleDisplayName = QuickNextBox;
				INFOPLIST_KEY_UIApplicationSupportsIndirectInputEvents = YES;
				INFOPLIST_KEY_UILaunchStoryboardName = LaunchScreen;
				INFOPLIST_KEY_UIMainStoryboardFile = Main;
				INFOPLIST_KEY_UISupportedInterfaceOrientations_iPad = "UIInterfaceOrientationPortrait UIInterfaceOrientationPortraitUpsideDown UIInterfaceOrientationLandscapeLeft UIInterfaceOrientationLandscapeRight";
				INFOPLIST_KEY_UISupportedInterfaceOrientations_iPhone = "UIInterfaceOrientationPortrait UIInterfaceOrientationLandscapeLeft UIInterfaceOrientationLandscapeRight";
				INFOPLIST_PREPROCESS = YES;
				IPHONEOS_DEPLOYMENT_TARGET = 13;
				LD_RUNPATH_SEARCH_PATHS = (
					"$(inherited)",
					"@executable_path/Frameworks",
				);
				MARKETING_VERSION = 1.0.0;
				PRODUCT_BUNDLE_IDENTIFIER = com.lgc.QuickNextBox;
				PRODUCT_NAME = "$(TARGET_NAME)";
				SWIFT_EMIT_LOC_STRINGS = YES;
				TARGETED_DEVICE_FAMILY = "1,2";
			};
			name = Debug;
		};
		C353BDA42EBCFD54009DF25C /* Release */ = {
			isa = XCBuildConfiguration;
			baseConfigurationReference = D92DCE89C5368011024D4CAE /* Pods-QuickNextBox.release.xcconfig */;
			buildSettings = {
				ASSETCATALOG_COMPILER_APPICON_NAME = AppIcon;
				ASSETCATALOG_COMPILER_GLOBAL_ACCENT_COLOR_NAME = AccentColor;
				CODE_SIGN_STYLE = Automatic;
				CURRENT_PROJECT_VERSION = 202511070002;
				DEVELOPMENT_TEAM = 3SAAZZPM76;
				GCC_INCREASE_PRECOMPILED_HEADER_SHARING = NO;
				GCC_PREFIX_HEADER = "$(SRCROOT)/QuickNextBox/PrefixHeader.pch";
				GENERATE_INFOPLIST_FILE = NO;
				INFOPLIST_FILE = "$(SRCROOT)/QuickNextBox/Info.plist";
				INFOPLIST_KEY_CFBundleDisplayName = QuickNextBox;
				INFOPLIST_KEY_UIApplicationSupportsIndirectInputEvents = YES;
				INFOPLIST_KEY_UILaunchStoryboardName = LaunchScreen;
				INFOPLIST_KEY_UIMainStoryboardFile = Main;
				INFOPLIST_KEY_UISupportedInterfaceOrientations_iPad = "UIInterfaceOrientationPortrait UIInterfaceOrientationPortraitUpsideDown UIInterfaceOrientationLandscapeLeft UIInterfaceOrientationLandscapeRight";
				INFOPLIST_KEY_UISupportedInterfaceOrientations_iPhone = "UIInterfaceOrientationPortrait UIInterfaceOrientationLandscapeLeft UIInterfaceOrientationLandscapeRight";
				INFOPLIST_PREPROCESS = YES;
				IPHONEOS_DEPLOYMENT_TARGET = 13;
				LD_RUNPATH_SEARCH_PATHS = (
					"$(inherited)",
					"@executable_path/Frameworks",
				);
				MARKETING_VERSION = 1.0.0;
				PRODUCT_BUNDLE_IDENTIFIER = com.lgc.QuickNextBox;
				PRODUCT_NAME = "$(TARGET_NAME)";
				SWIFT_EMIT_LOC_STRINGS = YES;
				TARGETED_DEVICE_FAMILY = "1,2";
			};
			name = Release;
		};
		C353BDA52EBCFD54009DF25C /* Debug */ = {
			isa = XCBuildConfiguration;
			buildSettings = {
				ALWAYS_SEARCH_USER_PATHS = NO;
				ASSETCATALOG_COMPILER_GENERATE_SWIFT_ASSET_SYMBOL_EXTENSIONS = YES;
				CLANG_ANALYZER_LOCALIZABILITY_NONLOCALIZED = YES;
				CLANG_ANALYZER_NONNULL = YES;
				CLANG_ANALYZER_NUMBER_OBJECT_CONVERSION = YES_AGGRESSIVE;
				CLANG_CXX_LANGUAGE_STANDARD = "gnu++20";
				CLANG_ENABLE_MODULES = YES;
				CLANG_ENABLE_OBJC_ARC = YES;
				CLANG_ENABLE_OBJC_WEAK = YES;
				CLANG_WARN_BLOCK_CAPTURE_AUTORELEASING = YES;
				CLANG_WARN_BOOL_CONVERSION = YES;
				CLANG_WARN_COMMA = YES;
				CLANG_WARN_CONSTANT_CONVERSION = YES;
				CLANG_WARN_DEPRECATED_OBJC_IMPLEMENTATIONS = YES;
				CLANG_WARN_DIRECT_OBJC_ISA_USAGE = YES_ERROR;
				CLANG_WARN_DOCUMENTATION_COMMENTS = YES;
				CLANG_WARN_EMPTY_BODY = YES;
				CLANG_WARN_ENUM_CONVERSION = YES;
				CLANG_WARN_INFINITE_RECURSION = YES;
				CLANG_WARN_INT_CONVERSION = YES;
				CLANG_WARN_NON_LITERAL_NULL_CONVERSION = YES;
				CLANG_WARN_OBJC_IMPLICIT_RETAIN_SELF = YES;
				CLANG_WARN_OBJC_LITERAL_CONVERSION = YES;
				CLANG_WARN_OBJC_ROOT_CLASS = YES_ERROR;
				CLANG_WARN_QUOTED_INCLUDE_IN_FRAMEWORK_HEADER = YES;
				CLANG_WARN_RANGE_LOOP_ANALYSIS = YES;
				CLANG_WARN_STRICT_PROTOTYPES = YES;
				CLANG_WARN_SUSPICIOUS_MOVE = YES;
				CLANG_WARN_UNGUARDED_AVAILABILITY = YES_AGGRESSIVE;
				CLANG_WARN_UNREACHABLE_CODE = YES;
				CLANG_WARN__DUPLICATE_METHOD_MATCH = YES;
				COPY_PHASE_STRIP = NO;
				DEBUG_INFORMATION_FORMAT = dwarf;
				DEVELOPMENT_TEAM = 3SAAZZPM76;
				ENABLE_STRICT_OBJC_MSGSEND = YES;
				ENABLE_TESTABILITY = YES;
				ENABLE_USER_SCRIPT_SANDBOXING = NO;
				GCC_C_LANGUAGE_STANDARD = gnu17;
				GCC_DYNAMIC_NO_PIC = NO;
				GCC_NO_COMMON_BLOCKS = YES;
				GCC_OPTIMIZATION_LEVEL = 0;
				GCC_PREPROCESSOR_DEFINITIONS = (
					"DEBUG=1",
					"$(inherited)",
				);
				GCC_WARN_64_TO_32_BIT_CONVERSION = YES;
				GCC_WARN_ABOUT_RETURN_TYPE = YES_ERROR;
				GCC_WARN_UNDECLARED_SELECTOR = YES;
				GCC_WARN_UNINITIALIZED_AUTOS = YES_AGGRESSIVE;
				GCC_WARN_UNUSED_FUNCTION = YES;
				GCC_WARN_UNUSED_VARIABLE = YES;
				IPHONEOS_DEPLOYMENT_TARGET = 18.5;
				LOCALIZATION_PREFERS_STRING_CATALOGS = YES;
				MTL_ENABLE_DEBUG_INFO = INCLUDE_SOURCE;
				MTL_FAST_MATH = YES;
				ONLY_ACTIVE_ARCH = YES;
				SDKROOT = iphoneos;
			};
			name = Debug;
		};
		C353BDA62EBCFD54009DF25C /* Release */ = {
			isa = XCBuildConfiguration;
			buildSettings = {
				ALWAYS_SEARCH_USER_PATHS = NO;
				ASSETCATALOG_COMPILER_GENERATE_SWIFT_ASSET_SYMBOL_EXTENSIONS = YES;
				CLANG_ANALYZER_LOCALIZABILITY_NONLOCALIZED = YES;
				CLANG_ANALYZER_NONNULL = YES;
				CLANG_ANALYZER_NUMBER_OBJECT_CONVERSION = YES_AGGRESSIVE;
				CLANG_CXX_LANGUAGE_STANDARD = "gnu++20";
				CLANG_ENABLE_MODULES = YES;
				CLANG_ENABLE_OBJC_ARC = YES;
				CLANG_ENABLE_OBJC_WEAK = YES;
				CLANG_WARN_BLOCK_CAPTURE_AUTORELEASING = YES;
				CLANG_WARN_BOOL_CONVERSION = YES;
				CLANG_WARN_COMMA = YES;
				CLANG_WARN_CONSTANT_CONVERSION = YES;
				CLANG_WARN_DEPRECATED_OBJC_IMPLEMENTATIONS = YES;
				CLANG_WARN_DIRECT_OBJC_ISA_USAGE = YES_ERROR;
				CLANG_WARN_DOCUMENTATION_COMMENTS = YES;
				CLANG_WARN_EMPTY_BODY = YES;
				CLANG_WARN_ENUM_CONVERSION = YES;
				CLANG_WARN_INFINITE_RECURSION = YES;
				CLANG_WARN_INT_CONVERSION = YES;
				CLANG_WARN_NON_LITERAL_NULL_CONVERSION = YES;
				CLANG_WARN_OBJC_IMPLICIT_RETAIN_SELF = YES;
				CLANG_WARN_OBJC_LITERAL_CONVERSION = YES;
				CLANG_WARN_OBJC_ROOT_CLASS = YES_ERROR;
				CLANG_WARN_QUOTED_INCLUDE_IN_FRAMEWORK_HEADER = YES;
				CLANG_WARN_RANGE_LOOP_ANALYSIS = YES;
				CLANG_WARN_STRICT_PROTOTYPES = YES;
				CLANG_WARN_SUSPICIOUS_MOVE = YES;
				CLANG_WARN_UNGUARDED_AVAILABILITY = YES_AGGRESSIVE;
				CLANG_WARN_UNREACHABLE_CODE = YES;
				CLANG_WARN__DUPLICATE_METHOD_MATCH = YES;
				COPY_PHASE_STRIP = NO;
				DEBUG_INFORMATION_FORMAT = "dwarf-with-dsym";
				DEVELOPMENT_TEAM = 3SAAZZPM76;
				ENABLE_NS_ASSERTIONS = NO;
				ENABLE_STRICT_OBJC_MSGSEND = YES;
				ENABLE_USER_SCRIPT_SANDBOXING = NO;
				GCC_C_LANGUAGE_STANDARD = gnu17;
				GCC_NO_COMMON_BLOCKS = YES;
				GCC_WARN_64_TO_32_BIT_CONVERSION = YES;
				GCC_WARN_ABOUT_RETURN_TYPE = YES_ERROR;
				GCC_WARN_UNDECLARED_SELECTOR = YES;
				GCC_WARN_UNINITIALIZED_AUTOS = YES_AGGRESSIVE;
				GCC_WARN_UNUSED_FUNCTION = YES;
				GCC_WARN_UNUSED_VARIABLE = YES;
				IPHONEOS_DEPLOYMENT_TARGET = 18.5;
				LOCALIZATION_PREFERS_STRING_CATALOGS = YES;
				MTL_ENABLE_DEBUG_INFO = NO;
				MTL_FAST_MATH = YES;
				SDKROOT = iphoneos;
				VALIDATE_PRODUCT = YES;
			};
			name = Release;
		};
/* End XCBuildConfiguration section */

/* Begin XCConfigurationList section */
		C353BD852EBCFD53009DF25C /* Build configuration list for PBXProject "QuickNextBox" */ = {
			isa = XCConfigurationList;
			buildConfigurations = (
				C353BDA52EBCFD54009DF25C /* Debug */,
				C353BDA62EBCFD54009DF25C /* Release */,
			);
			defaultConfigurationIsVisible = 0;
			defaultConfigurationName = Release;
		};
		C353BDA22EBCFD54009DF25C /* Build configuration list for PBXNativeTarget "QuickNextBox" */ = {
			isa = XCConfigurationList;
			buildConfigurations = (
				C353BDA32EBCFD54009DF25C /* Debug */,
				C353BDA42EBCFD54009DF25C /* Release */,
			);
			defaultConfigurationIsVisible = 0;
			defaultConfigurationName = Release;
		};
/* End XCConfigurationList section */
	};
	rootObject = C353BD822EBCFD53009DF25C /* Project object */;
}
